
Microsoft Visual Studio Solution File, Format Version 12.00
# Visual Studio 15
VisualStudioVersion = 15.0.27004.2009
MinimumVisualStudioVersion = 10.0.40219.1
Project("{FAE04EC0-301F-11D3-BF4B-00C04F79EFBC}") = "XamarinTP", "SiteHandsTP\XamarinTP.csproj", "{329F7745-16F8-42AD-8E0B-1AB87DCDDD60}"
EndProject
Project("{FAE04EC0-301F-11D3-BF4B-00C04F79EFBC}") = "BL.Core.Services", "BL.Core.Services\BL.Core.Services.csproj", "{A2CA84C5-1661-4815-B053-1F619D13EF72}"
EndProject
Global
	GlobalSection(SolutionConfigurationPlatforms) = preSolution
		Ad-Hoc|Any CPU = Ad-Hoc|Any CPU
		Ad-Hoc|iPhone = Ad-Hoc|iPhone
		Ad-Hoc|iPhoneSimulator = Ad-Hoc|iPhoneSimulator
		AppStore|Any CPU = AppStore|Any CPU
		AppStore|iPhone = AppStore|iPhone
		AppStore|iPhoneSimulator = AppStore|iPhoneSimulator
		Debug|Any CPU = Debug|Any CPU
		Debug|iPhone = Debug|iPhone
		Debug|iPhoneSimulator = Debug|iPhoneSimulator
		Release|Any CPU = Release|Any CPU
		Release|iPhone = Release|iPhone
		Release|iPhoneSimulator = Release|iPhoneSimulator
	EndGlobalSection
	GlobalSection(ProjectConfigurationPlatforms) = postSolution
		{329F7745-16F8-42AD-8E0B-1AB87DCDDD60}.Ad-Hoc|Any CPU.ActiveCfg = Ad-Hoc|iPhoneSimulator
		{329F7745-16F8-42AD-8E0B-1AB87DCDDD60}.Ad-Hoc|iPhone.ActiveCfg = Ad-Hoc|iPhone
		{329F7745-16F8-42AD-8E0B-1AB87DCDDD60}.Ad-Hoc|iPhone.Build.0 = Ad-Hoc|iPhone
		{329F7745-16F8-42AD-8E0B-1AB87DCDDD60}.Ad-Hoc|iPhoneSimulator.ActiveCfg = Ad-Hoc|iPhoneSimulator
		{329F7745-16F8-42AD-8E0B-1AB87DCDDD60}.Ad-Hoc|iPhoneSimulator.Build.0 = Ad-Hoc|iPhoneSimulator
		{329F7745-16F8-42AD-8E0B-1AB87DCDDD60}.AppStore|Any CPU.ActiveCfg = AppStore|iPhoneSimulator
		{329F7745-16F8-42AD-8E0B-1AB87DCDDD60}.AppStore|iPhone.ActiveCfg = AppStore|iPhone
		{329F7745-16F8-42AD-8E0B-1AB87DCDDD60}.AppStore|iPhone.Build.0 = AppStore|iPhone
		{329F7745-16F8-42AD-8E0B-1AB87DCDDD60}.AppStore|iPhoneSimulator.ActiveCfg = AppStore|iPhoneSimulator
		{329F7745-16F8-42AD-8E0B-1AB87DCDDD60}.AppStore|iPhoneSimulator.Build.0 = AppStore|iPhoneSimulator
		{329F7745-16F8-42AD-8E0B-1AB87DCDDD60}.Debug|Any CPU.ActiveCfg = Debug|iPhoneSimulator
		{329F7745-16F8-42AD-8E0B-1AB87DCDDD60}.Debug|iPhone.ActiveCfg = Debug|iPhone
		{329F7745-16F8-42AD-8E0B-1AB87DCDDD60}.Debug|iPhone.Build.0 = Debug|iPhone
		{329F7745-16F8-42AD-8E0B-1AB87DCDDD60}.Debug|iPhoneSimulator.ActiveCfg = Debug|iPhoneSimulator
		{329F7745-16F8-42AD-8E0B-1AB87DCDDD60}.Debug|iPhoneSimulator.Build.0 = Debug|iPhoneSimulator
		{329F7745-16F8-42AD-8E0B-1AB87DCDDD60}.Release|Any CPU.ActiveCfg = Release|iPhoneSimulator
		{329F7745-16F8-42AD-8E0B-1AB87DCDDD60}.Release|iPhone.ActiveCfg = Release|iPhone
		{329F7745-16F8-42AD-8E0B-1AB87DCDDD60}.Release|iPhone.Build.0 = Release|iPhone
		{329F7745-16F8-42AD-8E0B-1AB87DCDDD60}.Release|iPhoneSimulator.ActiveCfg = Release|iPhoneSimulator
		{329F7745-16F8-42AD-8E0B-1AB87DCDDD60}.Release|iPhoneSimulator.Build.0 = Release|iPhoneSimulator
		{A2CA84C5-1661-4815-B053-1F619D13EF72}.Ad-Hoc|Any CPU.ActiveCfg = Release|Any CPU
		{A2CA84C5-1661-4815-B053-1F619D13EF72}.Ad-Hoc|Any CPU.Build.0 = Release|Any CPU
		{A2CA84C5-1661-4815-B053-1F619D13EF72}.Ad-Hoc|iPhone.ActiveCfg = Release|Any CPU
		{A2CA84C5-1661-4815-B053-1F619D13EF72}.Ad-Hoc|iPhone.Build.0 = Release|Any CPU
		{A2CA84C5-1661-4815-B053-1F619D13EF72}.Ad-Hoc|iPhoneSimulator.ActiveCfg = Release|Any CPU
		{A2CA84C5-1661-4815-B053-1F619D13EF72}.Ad-Hoc|iPhoneSimulator.Build.0 = Release|Any CPU
		{A2CA84C5-1661-4815-B053-1F619D13EF72}.AppStore|Any CPU.ActiveCfg = Release|Any CPU
		{A2CA84C5-1661-4815-B053-1F619D13EF72}.AppStore|Any CPU.Build.0 = Release|Any CPU
		{A2CA84C5-1661-4815-B053-1F619D13EF72}.AppStore|iPhone.ActiveCfg = Release|Any CPU
		{A2CA84C5-1661-4815-B053-1F619D13EF72}.AppStore|iPhone.Build.0 = Release|Any CPU
		{A2CA84C5-1661-4815-B053-1F619D13EF72}.AppStore|iPhoneSimulator.ActiveCfg = Release|Any CPU
		{A2CA84C5-1661-4815-B053-1F619D13EF72}.AppStore|iPhoneSimulator.Build.0 = Release|Any CPU
		{A2CA84C5-1661-4815-B053-1F619D13EF72}.Debug|Any CPU.ActiveCfg = Debug|Any CPU
		{A2CA84C5-1661-4815-B053-1F619D13EF72}.Debug|Any CPU.Build.0 = Debug|Any CPU
		{A2CA84C5-1661-4815-B053-1F619D13EF72}.Debug|iPhone.ActiveCfg = Debug|Any CPU
		{A2CA84C5-1661-4815-B053-1F619D13EF72}.Debug|iPhone.Build.0 = Debug|Any CPU
		{A2CA84C5-1661-4815-B053-1F619D13EF72}.Debug|iPhoneSimulator.ActiveCfg = Debug|Any CPU
		{A2CA84C5-1661-4815-B053-1F619D13EF72}.Debug|iPhoneSimulator.Build.0 = Debug|Any CPU
		{A2CA84C5-1661-4815-B053-1F619D13EF72}.Release|Any CPU.ActiveCfg = Release|Any CPU
		{A2CA84C5-1661-4815-B053-1F619D13EF72}.Release|Any CPU.Build.0 = Release|Any CPU
		{A2CA84C5-1661-4815-B053-1F619D13EF72}.Release|iPhone.ActiveCfg = Release|Any CPU
		{A2CA84C5-1661-4815-B053-1F619D13EF72}.Release|iPhone.Build.0 = Release|Any CPU
		{A2CA84C5-1661-4815-B053-1F619D13EF72}.Release|iPhoneSimulator.ActiveCfg = Release|Any CPU
		{A2CA84C5-1661-4815-B053-1F619D13EF72}.Release|iPhoneSimulator.Build.0 = Release|Any CPU
	EndGlobalSection
	GlobalSection(SolutionProperties) = preSolution
		HideSolutionNode = FALSE
	EndGlobalSection
	GlobalSection(ExtensibilityGlobals) = postSolution
		SolutionGuid = {B21B09EA-30F2-4EC1-930F-1E2F1782B4D7}
	EndGlobalSection
EndGlobal
